
Microsoft Visual Studio Solution File, Format Version 12.00
# Visual Studio Version 17
VisualStudioVersion = 17.13.35931.197 d17.13
MinimumVisualStudioVersion = 10.0.40219.1
Project("{FAE04EC0-301F-11D3-BF4B-00C04F79EFBC}") = "MyPortfolio.Web", "MyPortfolio.Web\MyPortfolio.Web.csproj", "{B403E49F-CB1A-44A8-A793-671B5C6BE5AD}"
EndProject
Global
	GlobalSection(SolutionConfigurationPlatforms) = preSolution
		Debug|Any CPU = Debug|Any CPU
		Release|Any CPU = Release|Any CPU
	EndGlobalSection
	GlobalSection(ProjectConfigurationPlatforms) = postSolution
		{B403E49F-CB1A-44A8-A793-671B5C6BE5AD}.Debug|Any CPU.ActiveCfg = Debug|Any CPU
		{B403E49F-CB1A-44A8-A793-671B5C6BE5AD}.Debug|Any CPU.Build.0 = Debug|Any CPU
		{B403E49F-CB1A-44A8-A793-671B5C6BE5AD}.Release|Any CPU.ActiveCfg = Release|Any CPU
		{B403E49F-CB1A-44A8-A793-671B5C6BE5AD}.Release|Any CPU.Build.0 = Release|Any CPU
	EndGlobalSection
	GlobalSection(SolutionProperties) = preSolution
		HideSolutionNode = FALSE
	EndGlobalSection
	GlobalSection(ExtensibilityGlobals) = postSolution
		SolutionGuid = {4B41CC02-AD46-4267-96E3-3084E4DDACD5}
	EndGlobalSection
EndGlobal
